
Microsoft Visual Studio Solution File, Format Version 11.00
# Visual Studio 2010
Project("{FAE04EC0-301F-11D3-BF4B-00C04F79EFBC}") = "APForm", "APForm\APForm.csproj", "{37C6D4E8-81E0-4E03-B28E-F010359EF25C}"
EndProject
Global
	GlobalSection(SolutionConfigurationPlatforms) = preSolution
		Debug|x86 = Debug|x86
		Release|x86 = Release|x86
	EndGlobalSection
	GlobalSection(ProjectConfigurationPlatforms) = postSolution
		{37C6D4E8-81E0-4E03-B28E-F010359EF25C}.Debug|x86.ActiveCfg = Debug|x86
		{37C6D4E8-81E0-4E03-B28E-F010359EF25C}.Debug|x86.Build.0 = Debug|x86
		{37C6D4E8-81E0-4E03-B28E-F010359EF25C}.Release|x86.ActiveCfg = Release|x86
		{37C6D4E8-81E0-4E03-B28E-F010359EF25C}.Release|x86.Build.0 = Release|x86
	EndGlobalSection
	GlobalSection(SolutionProperties) = preSolution
		HideSolutionNode = FALSE
	EndGlobalSection
EndGlobal
